{
    "_readme": [
        "This file locks the dependencies of your project to a known state",
        "Read more about it at https://getcomposer.org/doc/01-basic-usage.md#installing-dependencies",
        "This file is @generated automatically"
    ],
    "content-hash": "052349f9483ddd12f87936d9747230c1",
    "packages": [
        {
            "name": "zorzi23/grammi_core",
            "version": "dev-main",
            "source": {
                "type": "git",
                "url": "https://github.com/Zorzi23/GrammiCore.git",
                "reference": "24af6dcb6f6b0ac10d59c849da824dd70a88aa70"
            },
            "dist": {
                "type": "zip",
                "url": "https://api.github.com/repos/Zorzi23/GrammiCore/zipball/24af6dcb6f6b0ac10d59c849da824dd70a88aa70",
                "reference": "24af6dcb6f6b0ac10d59c849da824dd70a88aa70",
                "shasum": ""
            },
            "default-branch": true,
            "type": "library",
            "autoload": {
                "psr-4": {
                    "GrammiCore\\": "src/"
                }
            },
            "notification-url": "https://packagist.org/downloads/",
            "license": [
                "MIT"
            ],
            "authors": [
                {
                    "name": "Gustavo Zorzi",
                    "email": "gustavozorzi2003@gmail.com"
                }
            ],
            "description": "Core library providing lexer, parser, and interpreter structures.",
            "support": {
                "issues": "https://github.com/Zorzi23/GrammiCore/issues",
                "source": "https://github.com/Zorzi23/GrammiCore/tree/main"
            },
            "time": "2025-01-17T21:16:36+00:00"
        }
    ],
    "packages-dev": [],
    "aliases": [],
    "minimum-stability": "dev",
    "stability-flags": {
        "zorzi23/grammi_core": 20
    },
    "prefer-stable": false,
    "prefer-lowest": false,
    "platform": [],
    "platform-dev": [],
    "plugin-api-version": "2.6.0"
}
